// !$*UTF8*$!
{
	archiveVersion = 1;
	classes = {
	};
	objectVersion = 51;
	objects = {

/* Begin PBXBuildFile section */
		67A0322623B491F800A928E9 /* AppDelegate.swift in Sources */ = {isa = PBXBuildFile; fileRef = 67A0322523B491F800A928E9 /* AppDelegate.swift */; };
		67A0322823B491F800A928E9 /* SceneDelegate.swift in Sources */ = {isa = PBXBuildFile; fileRef = 67A0322723B491F800A928E9 /* SceneDelegate.swift */; };
		67A0322A23B491F800A928E9 /* ViewController.swift in Sources */ = {isa = PBXBuildFile; fileRef = 67A0322923B491F800A928E9 /* ViewController.swift */; };
		67A0322D23B491F800A928E9 /* Main.storyboard in Resources */ = {isa = PBXBuildFile; fileRef = 67A0322B23B491F800A928E9 /* Main.storyboard */; };
		67A0323023B491F800A928E9 /* Find_Cafe.xcdatamodeld in Sources */ = {isa = PBXBuildFile; fileRef = 67A0322E23B491F800A928E9 /* Find_Cafe.xcdatamodeld */; };
		67A0323223B491FA00A928E9 /* Assets.xcassets in Resources */ = {isa = PBXBuildFile; fileRef = 67A0323123B491FA00A928E9 /* Assets.xcassets */; };
		67A0323523B491FA00A928E9 /* LaunchScreen.storyboard in Resources */ = {isa = PBXBuildFile; fileRef = 67A0323323B491FA00A928E9 /* LaunchScreen.storyboard */; };
		67A0323D23B4923800A928E9 /* MainViewController.swift in Sources */ = {isa = PBXBuildFile; fileRef = 67A0323C23B4923800A928E9 /* MainViewController.swift */; };
		67A0323F23B4952B00A928E9 /* RegisterViewController.swift in Sources */ = {isa = PBXBuildFile; fileRef = 67A0323E23B4952B00A928E9 /* RegisterViewController.swift */; };
		67A0324123B4968E00A928E9 /* MenuViewController.swift in Sources */ = {isa = PBXBuildFile; fileRef = 67A0324023B4968E00A928E9 /* MenuViewController.swift */; };
		67A0324323B496CD00A928E9 /* AboutTableViewController.swift in Sources */ = {isa = PBXBuildFile; fileRef = 67A0324223B496CD00A928E9 /* AboutTableViewController.swift */; };
		67A0324A23B49E4F00A928E9 /* GoogleService-Info.plist in Resources */ = {isa = PBXBuildFile; fileRef = 67A0324923B49E4F00A928E9 /* GoogleService-Info.plist */; };
		D6C4BF7A503A9E9B1364F623 /* Pods_Find_Cafe.framework in Frameworks */ = {isa = PBXBuildFile; fileRef = 1A637899038FB4E05F0410CE /* Pods_Find_Cafe.framework */; };
/* End PBXBuildFile section */

/* Begin PBXFileReference section */
		1A637899038FB4E05F0410CE /* Pods_Find_Cafe.framework */ = {isa = PBXFileReference; explicitFileType = wrapper.framework; includeInIndex = 0; path = Pods_Find_Cafe.framework; sourceTree = BUILT_PRODUCTS_DIR; };
		67A0322223B491F800A928E9 /* Find-Cafe.app */ = {isa = PBXFileReference; explicitFileType = wrapper.application; includeInIndex = 0; path = "Find-Cafe.app"; sourceTree = BUILT_PRODUCTS_DIR; };
		67A0322523B491F800A928E9 /* AppDelegate.swift */ = {isa = PBXFileReference; lastKnownFileType = sourcecode.swift; path = AppDelegate.swift; sourceTree = "<group>"; };
		67A0322723B491F800A928E9 /* SceneDelegate.swift */ = {isa = PBXFileReference; lastKnownFileType = sourcecode.swift; path = SceneDelegate.swift; sourceTree = "<group>"; };
		67A0322923B491F800A928E9 /* ViewController.swift */ = {isa = PBXFileReference; lastKnownFileType = sourcecode.swift; path = ViewController.swift; sourceTree = "<group>"; };
		67A0322C23B491F800A928E9 /* Base */ = {isa = PBXFileReference; lastKnownFileType = file.storyboard; name = Base; path = Base.lproj/Main.storyboard; sourceTree = "<group>"; };
		67A0322F23B491F800A928E9 /* Find_Cafe.xcdatamodel */ = {isa = PBXFileReference; lastKnownFileType = wrapper.xcdatamodel; path = Find_Cafe.xcdatamodel; sourceTree = "<group>"; };
		67A0323123B491FA00A928E9 /* Assets.xcassets */ = {isa = PBXFileReference; lastKnownFileType = folder.assetcatalog; path = Assets.xcassets; sourceTree = "<group>"; };
		67A0323423B491FA00A928E9 /* Base */ = {isa = PBXFileReference; lastKnownFileType = file.storyboard; name = Base; path = Base.lproj/LaunchScreen.storyboard; sourceTree = "<group>"; };
		67A0323623B491FA00A928E9 /* Info.plist */ = {isa = PBXFileReference; lastKnownFileType = text.plist.xml; path = Info.plist; sourceTree = "<group>"; };
		67A0323C23B4923800A928E9 /* MainViewController.swift */ = {isa = PBXFileReference; lastKnownFileType = sourcecode.swift; path = MainViewController.swift; sourceTree = "<group>"; };
		67A0323E23B4952B00A928E9 /* RegisterViewController.swift */ = {isa = PBXFileReference; lastKnownFileType = sourcecode.swift; path = RegisterViewController.swift; sourceTree = "<group>"; };
		67A0324023B4968E00A928E9 /* MenuViewController.swift */ = {isa = PBXFileReference; lastKnownFileType = sourcecode.swift; path = MenuViewController.swift; sourceTree = "<group>"; };
		67A0324223B496CD00A928E9 /* AboutTableViewController.swift */ = {isa = PBXFileReference; lastKnownFileType = sourcecode.swift; path = AboutTableViewController.swift; sourceTree = "<group>"; };
		67A0324923B49E4F00A928E9 /* GoogleService-Info.plist */ = {isa = PBXFileReference; fileEncoding = 4; lastKnownFileType = text.plist.xml; name = "GoogleService-Info.plist"; path = "../GoogleService-Info.plist"; sourceTree = "<group>"; };
		B937F39F00E32F7B64621FB3 /* Pods-Find-Cafe.debug.xcconfig */ = {isa = PBXFileReference; includeInIndex = 1; lastKnownFileType = text.xcconfig; name = "Pods-Find-Cafe.debug.xcconfig"; path = "Target Support Files/Pods-Find-Cafe/Pods-Find-Cafe.debug.xcconfig"; sourceTree = "<group>"; };
		F0E0DC187C04EFE12FE8A818 /* Pods-Find-Cafe.release.xcconfig */ = {isa = PBXFileReference; includeInIndex = 1; lastKnownFileType = text.xcconfig; name = "Pods-Find-Cafe.release.xcconfig"; path = "Target Support Files/Pods-Find-Cafe/Pods-Find-Cafe.release.xcconfig"; sourceTree = "<group>"; };
/* End PBXFileReference section */

/* Begin PBXFrameworksBuildPhase section */
		67A0321F23B491F800A928E9 /* Frameworks */ = {
			isa = PBXFrameworksBuildPhase;
			buildActionMask = 2147483647;
			files = (
				D6C4BF7A503A9E9B1364F623 /* Pods_Find_Cafe.framework in Frameworks */,
			);
			runOnlyForDeploymentPostprocessing = 0;
		};
/* End PBXFrameworksBuildPhase section */

/* Begin PBXGroup section */
		23B70DE4FE023EE09164F21E /* Frameworks */ = {
			isa = PBXGroup;
			children = (
				1A637899038FB4E05F0410CE /* Pods_Find_Cafe.framework */,
			);
			name = Frameworks;
			sourceTree = "<group>";
		};
		67A0321923B491F800A928E9 = {
			isa = PBXGroup;
			children = (
				67A0322423B491F800A928E9 /* Find-Cafe */,
				67A0322323B491F800A928E9 /* Products */,
				8F9DF3B824AE55B7D9F0179C /* Pods */,
				23B70DE4FE023EE09164F21E /* Frameworks */,
			);
			sourceTree = "<group>";
		};
		67A0322323B491F800A928E9 /* Products */ = {
			isa = PBXGroup;
			children = (
				67A0322223B491F800A928E9 /* Find-Cafe.app */,
			);
			name = Products;
			sourceTree = "<group>";
		};
		67A0322423B491F800A928E9 /* Find-Cafe */ = {
			isa = PBXGroup;
			children = (
				67A0322523B491F800A928E9 /* AppDelegate.swift */,
				67A0322723B491F800A928E9 /* SceneDelegate.swift */,
				67A0322923B491F800A928E9 /* ViewController.swift */,
				67A0322B23B491F800A928E9 /* Main.storyboard */,
				67A0324423B4979800A928E9 /* Controllers */,
				67A0323123B491FA00A928E9 /* Assets.xcassets */,
				67A0323323B491FA00A928E9 /* LaunchScreen.storyboard */,
				67A0323623B491FA00A928E9 /* Info.plist */,
				67A0322E23B491F800A928E9 /* Find_Cafe.xcdatamodeld */,
				67A0324923B49E4F00A928E9 /* GoogleService-Info.plist */,
			);
			path = "Find-Cafe";
			sourceTree = "<group>";
		};
		67A0324423B4979800A928E9 /* Controllers */ = {
			isa = PBXGroup;
			children = (
				67A0324223B496CD00A928E9 /* AboutTableViewController.swift */,
				67A0324023B4968E00A928E9 /* MenuViewController.swift */,
				67A0323E23B4952B00A928E9 /* RegisterViewController.swift */,
				67A0323C23B4923800A928E9 /* MainViewController.swift */,
			);
			path = Controllers;
			sourceTree = "<group>";
		};
		8F9DF3B824AE55B7D9F0179C /* Pods */ = {
			isa = PBXGroup;
			children = (
				B937F39F00E32F7B64621FB3 /* Pods-Find-Cafe.debug.xcconfig */,
				F0E0DC187C04EFE12FE8A818 /* Pods-Find-Cafe.release.xcconfig */,
			);
			path = Pods;
			sourceTree = "<group>";
		};
/* End PBXGroup section */

/* Begin PBXNativeTarget section */
		67A0322123B491F800A928E9 /* Find-Cafe */ = {
			isa = PBXNativeTarget;
			buildConfigurationList = 67A0323923B491FA00A928E9 /* Build configuration list for PBXNativeTarget "Find-Cafe" */;
			buildPhases = (
				ABD8C2D06F4EA0A6342D704D /* [CP] Check Pods Manifest.lock */,
				67A0321E23B491F800A928E9 /* Sources */,
				67A0321F23B491F800A928E9 /* Frameworks */,
				67A0322023B491F800A928E9 /* Resources */,
				016F0906F589A45F41FB18FA /* [CP] Embed Pods Frameworks */,
			);
			buildRules = (
			);
			dependencies = (
			);
			name = "Find-Cafe";
			productName = "Find-Cafe";
			productReference = 67A0322223B491F800A928E9 /* Find-Cafe.app */;
			productType = "com.apple.product-type.application";
		};
/* End PBXNativeTarget section */

/* Begin PBXProject section */
		67A0321A23B491F800A928E9 /* Project object */ = {
			isa = PBXProject;
			attributes = {
				LastSwiftUpdateCheck = 1130;
				LastUpgradeCheck = 1130;
				ORGANIZATIONNAME = APAN;
				TargetAttributes = {
					67A0322123B491F800A928E9 = {
						CreatedOnToolsVersion = 11.3;
					};
				};
			};
			buildConfigurationList = 67A0321D23B491F800A928E9 /* Build configuration list for PBXProject "Find-Cafe" */;
			compatibilityVersion = "Xcode 9.3";
			developmentRegion = en;
			hasScannedForEncodings = 0;
			knownRegions = (
				en,
				Base,
			);
			mainGroup = 67A0321923B491F800A928E9;
			productRefGroup = 67A0322323B491F800A928E9 /* Products */;
			projectDirPath = "";
			projectRoot = "";
			targets = (
				67A0322123B491F800A928E9 /* Find-Cafe */,
			);
		};
/* End PBXProject section */

/* Begin PBXResourcesBuildPhase section */
		67A0322023B491F800A928E9 /* Resources */ = {
			isa = PBXResourcesBuildPhase;
			buildActionMask = 2147483647;
			files = (
				67A0323523B491FA00A928E9 /* LaunchScreen.storyboard in Resources */,
				67A0324A23B49E4F00A928E9 /* GoogleService-Info.plist in Resources */,
				67A0323223B491FA00A928E9 /* Assets.xcassets in Resources */,
				67A0322D23B491F800A928E9 /* Main.storyboard in Resources */,
			);
			runOnlyForDeploymentPostprocessing = 0;
		};
/* End PBXResourcesBuildPhase section */

/* Begin PBXShellScriptBuildPhase section */
		016F0906F589A45F41FB18FA /* [CP] Embed Pods Frameworks */ = {
			isa = PBXShellScriptBuildPhase;
			buildActionMask = 2147483647;
			files = (
			);
			inputFileListPaths = (
				"${PODS_ROOT}/Target Support Files/Pods-Find-Cafe/Pods-Find-Cafe-frameworks-${CONFIGURATION}-input-files.xcfilelist",
			);
			name = "[CP] Embed Pods Frameworks";
			outputFileListPaths = (
				"${PODS_ROOT}/Target Support Files/Pods-Find-Cafe/Pods-Find-Cafe-frameworks-${CONFIGURATION}-output-files.xcfilelist",
			);
			runOnlyForDeploymentPostprocessing = 0;
			shellPath = /bin/sh;
			shellScript = "\"${PODS_ROOT}/Target Support Files/Pods-Find-Cafe/Pods-Find-Cafe-frameworks.sh\"\n";
			showEnvVarsInLog = 0;
		};
		ABD8C2D06F4EA0A6342D704D /* [CP] Check Pods Manifest.lock */ = {
			isa = PBXShellScriptBuildPhase;
			buildActionMask = 2147483647;
			files = (
			);
			inputFileListPaths = (
			);
			inputPaths = (
				"${PODS_PODFILE_DIR_PATH}/Podfile.lock",
				"${PODS_ROOT}/Manifest.lock",
			);
			name = "[CP] Check Pods Manifest.lock";
			outputFileListPaths = (
			);
			outputPaths = (
				"$(DERIVED_FILE_DIR)/Pods-Find-Cafe-checkManifestLockResult.txt",
			);
			runOnlyForDeploymentPostprocessing = 0;
			shellPath = /bin/sh;
			shellScript = "diff \"${PODS_PODFILE_DIR_PATH}/Podfile.lock\" \"${PODS_ROOT}/Manifest.lock\" > /dev/null\nif [ $? != 0 ] ; then\n    # print error to STDERR\n    echo \"error: The sandbox is not in sync with the Podfile.lock. Run 'pod install' or update your CocoaPods installation.\" >&2\n    exit 1\nfi\n# This output is used by Xcode 'outputs' to avoid re-running this script phase.\necho \"SUCCESS\" > \"${SCRIPT_OUTPUT_FILE_0}\"\n";
			showEnvVarsInLog = 0;
		};
/* End PBXShellScriptBuildPhase section */

/* Begin PBXSourcesBuildPhase section */
		67A0321E23B491F800A928E9 /* Sources */ = {
			isa = PBXSourcesBuildPhase;
			buildActionMask = 2147483647;
			files = (
				67A0322A23B491F800A928E9 /* ViewController.swift in Sources */,
				67A0323023B491F800A928E9 /* Find_Cafe.xcdatamodeld in Sources */,
				67A0322623B491F800A928E9 /* AppDelegate.swift in Sources */,
				67A0324323B496CD00A928E9 /* AboutTableViewController.swift in Sources */,
				67A0324123B4968E00A928E9 /* MenuViewController.swift in Sources */,
				67A0323F23B4952B00A928E9 /* RegisterViewController.swift in Sources */,
				67A0322823B491F800A928E9 /* SceneDelegate.swift in Sources */,
				67A0323D23B4923800A928E9 /* MainViewController.swift in Sources */,
			);
			runOnlyForDeploymentPostprocessing = 0;
		};
/* End PBXSourcesBuildPhase section */

/* Begin PBXVariantGroup section */
		67A0322B23B491F800A928E9 /* Main.storyboard */ = {
			isa = PBXVariantGroup;
			children = (
				67A0322C23B491F800A928E9 /* Base */,
			);
			name = Main.storyboard;
			sourceTree = "<group>";
		};
		67A0323323B491FA00A928E9 /* LaunchScreen.storyboard */ = {
			isa = PBXVariantGroup;
			children = (
				67A0323423B491FA00A928E9 /* Base */,
			);
			name = LaunchScreen.storyboard;
			sourceTree = "<group>";
		};
/* End PBXVariantGroup section */

/* Begin XCBuildConfiguration section */
		67A0323723B491FA00A928E9 /* Debug */ = {
			isa = XCBuildConfiguration;
			buildSettings = {
				ALWAYS_SEARCH_USER_PATHS = NO;
				CLANG_ANALYZER_NONNULL = YES;
				CLANG_ANALYZER_NUMBER_OBJECT_CONVERSION = YES_AGGRESSIVE;
				CLANG_CXX_LANGUAGE_STANDARD = "gnu++14";
				CLANG_CXX_LIBRARY = "libc++";
				CLANG_ENABLE_MODULES = YES;
				CLANG_ENABLE_OBJC_ARC = YES;
				CLANG_ENABLE_OBJC_WEAK = YES;
				CLANG_WARN_BLOCK_CAPTURE_AUTORELEASING = YES;
				CLANG_WARN_BOOL_CONVERSION = YES;
				CLANG_WARN_COMMA = YES;
				CLANG_WARN_CONSTANT_CONVERSION = YES;
				CLANG_WARN_DEPRECATED_OBJC_IMPLEMENTATIONS = YES;
				CLANG_WARN_DIRECT_OBJC_ISA_USAGE = YES_ERROR;
				CLANG_WARN_DOCUMENTATION_COMMENTS = YES;
				CLANG_WARN_EMPTY_BODY = YES;
				CLANG_WARN_ENUM_CONVERSION = YES;
				CLANG_WARN_INFINITE_RECURSION = YES;
				CLANG_WARN_INT_CONVERSION = YES;
				CLANG_WARN_NON_LITERAL_NULL_CONVERSION = YES;
				CLANG_WARN_OBJC_IMPLICIT_RETAIN_SELF = YES;
				CLANG_WARN_OBJC_LITERAL_CONVERSION = YES;
				CLANG_WARN_OBJC_ROOT_CLASS = YES_ERROR;
				CLANG_WARN_RANGE_LOOP_ANALYSIS = YES;
				CLANG_WARN_STRICT_PROTOTYPES = YES;
				CLANG_WARN_SUSPICIOUS_MOVE = YES;
				CLANG_WARN_UNGUARDED_AVAILABILITY = YES_AGGRESSIVE;
				CLANG_WARN_UNREACHABLE_CODE = YES;
				CLANG_WARN__DUPLICATE_METHOD_MATCH = YES;
				COPY_PHASE_STRIP = NO;
				DEBUG_INFORMATION_FORMAT = dwarf;
				ENABLE_STRICT_OBJC_MSGSEND = YES;
				ENABLE_TESTABILITY = YES;
				GCC_C_LANGUAGE_STANDARD = gnu11;
				GCC_DYNAMIC_NO_PIC = NO;
				GCC_NO_COMMON_BLOCKS = YES;
				GCC_OPTIMIZATION_LEVEL = 0;
				GCC_PREPROCESSOR_DEFINITIONS = (
					"DEBUG=1",
					"$(inherited)",
				);
				GCC_WARN_64_TO_32_BIT_CONVERSION = YES;
				GCC_WARN_ABOUT_RETURN_TYPE = YES_ERROR;
				GCC_WARN_UNDECLARED_SELECTOR = YES;
				GCC_WARN_UNINITIALIZED_AUTOS = YES_AGGRESSIVE;
				GCC_WARN_UNUSED_FUNCTION = YES;
				GCC_WARN_UNUSED_VARIABLE = YES;
				IPHONEOS_DEPLOYMENT_TARGET = 13.2;
				MTL_ENABLE_DEBUG_INFO = INCLUDE_SOURCE;
				MTL_FAST_MATH = YES;
				ONLY_ACTIVE_ARCH = YES;
				SDKROOT = iphoneos;
				SWIFT_ACTIVE_COMPILATION_CONDITIONS = DEBUG;
				SWIFT_OPTIMIZATION_LEVEL = "-Onone";
			};
			name = Debug;
		};
		67A0323823B491FA00A928E9 /* Release */ = {
			isa = XCBuildConfiguration;
			buildSettings = {
				ALWAYS_SEARCH_USER_PATHS = NO;
				CLANG_ANALYZER_NONNULL = YES;
				CLANG_ANALYZER_NUMBER_OBJECT_CONVERSION = YES_AGGRESSIVE;
				CLANG_CXX_LANGUAGE_STANDARD = "gnu++14";
				CLANG_CXX_LIBRARY = "libc++";
				CLANG_ENABLE_MODULES = YES;
				CLANG_ENABLE_OBJC_ARC = YES;
				CLANG_ENABLE_OBJC_WEAK = YES;
				CLANG_WARN_BLOCK_CAPTURE_AUTORELEASING = YES;
				CLANG_WARN_BOOL_CONVERSION = YES;
				CLANG_WARN_COMMA = YES;
				CLANG_WARN_CONSTANT_CONVERSION = YES;
				CLANG_WARN_DEPRECATED_OBJC_IMPLEMENTATIONS = YES;
				CLANG_WARN_DIRECT_OBJC_ISA_USAGE = YES_ERROR;
				CLANG_WARN_DOCUMENTATION_COMMENTS = YES;
				CLANG_WARN_EMPTY_BODY = YES;
				CLANG_WARN_ENUM_CONVERSION = YES;
				CLANG_WARN_INFINITE_RECURSION = YES;
				CLANG_WARN_INT_CONVERSION = YES;
				CLANG_WARN_NON_LITERAL_NULL_CONVERSION = YES;
				CLANG_WARN_OBJC_IMPLICIT_RETAIN_SELF = YES;
				CLANG_WARN_OBJC_LITERAL_CONVERSION = YES;
				CLANG_WARN_OBJC_ROOT_CLASS = YES_ERROR;
				CLANG_WARN_RANGE_LOOP_ANALYSIS = YES;
				CLANG_WARN_STRICT_PROTOTYPES = YES;
				CLANG_WARN_SUSPICIOUS_MOVE = YES;
				CLANG_WARN_UNGUARDED_AVAILABILITY = YES_AGGRESSIVE;
				CLANG_WARN_UNREACHABLE_CODE = YES;
				CLANG_WARN__DUPLICATE_METHOD_MATCH = YES;
				COPY_PHASE_STRIP = NO;
				DEBUG_INFORMATION_FORMAT = "dwarf-with-dsym";
				ENABLE_NS_ASSERTIONS = NO;
				ENABLE_STRICT_OBJC_MSGSEND = YES;
				GCC_C_LANGUAGE_STANDARD = gnu11;
				GCC_NO_COMMON_BLOCKS = YES;
				GCC_WARN_64_TO_32_BIT_CONVERSION = YES;
				GCC_WARN_ABOUT_RETURN_TYPE = YES_ERROR;
				GCC_WARN_UNDECLARED_SELECTOR = YES;
				GCC_WARN_UNINITIALIZED_AUTOS = YES_AGGRESSIVE;
				GCC_WARN_UNUSED_FUNCTION = YES;
				GCC_WARN_UNUSED_VARIABLE = YES;
				IPHONEOS_DEPLOYMENT_TARGET = 13.2;
				MTL_ENABLE_DEBUG_INFO = NO;
				MTL_FAST_MATH = YES;
				SDKROOT = iphoneos;
				SWIFT_COMPILATION_MODE = wholemodule;
				SWIFT_OPTIMIZATION_LEVEL = "-O";
				VALIDATE_PRODUCT = YES;
			};
			name = Release;
		};
		67A0323A23B491FA00A928E9 /* Debug */ = {
			isa = XCBuildConfiguration;
			baseConfigurationReference = B937F39F00E32F7B64621FB3 /* Pods-Find-Cafe.debug.xcconfig */;
			buildSettings = {
				ASSETCATALOG_COMPILER_APPICON_NAME = AppIcon;
				CODE_SIGN_STYLE = Automatic;
				DEVELOPMENT_TEAM = QEJS94S46B;
				INFOPLIST_FILE = "Find-Cafe/Info.plist";
				LD_RUNPATH_SEARCH_PATHS = (
					"$(inherited)",
					"@executable_path/Frameworks",
				);
				PRODUCT_BUNDLE_IDENTIFIER = "com.APAN.Find-Cafe";
				PRODUCT_NAME = "$(TARGET_NAME)";
				SWIFT_VERSION = 5.0;
				TARGETED_DEVICE_FAMILY = "1,2";
			};
			name = Debug;
		};
		67A0323B23B491FA00A928E9 /* Release */ = {
			isa = XCBuildConfiguration;
			baseConfigurationReference = F0E0DC187C04EFE12FE8A818 /* Pods-Find-Cafe.release.xcconfig */;
			buildSettings = {
				ASSETCATALOG_COMPILER_APPICON_NAME = AppIcon;
				CODE_SIGN_STYLE = Automatic;
				DEVELOPMENT_TEAM = QEJS94S46B;
				INFOPLIST_FILE = "Find-Cafe/Info.plist";
				LD_RUNPATH_SEARCH_PATHS = (
					"$(inherited)",
					"@executable_path/Frameworks",
				);
				PRODUCT_BUNDLE_IDENTIFIER = "com.APAN.Find-Cafe";
				PRODUCT_NAME = "$(TARGET_NAME)";
				SWIFT_VERSION = 5.0;
				TARGETED_DEVICE_FAMILY = "1,2";
			};
			name = Release;
		};
/* End XCBuildConfiguration section */

/* Begin XCConfigurationList section */
		67A0321D23B491F800A928E9 /* Build configuration list for PBXProject "Find-Cafe" */ = {
			isa = XCConfigurationList;
			buildConfigurations = (
				67A0323723B491FA00A928E9 /* Debug */,
				67A0323823B491FA00A928E9 /* Release */,
			);
			defaultConfigurationIsVisible = 0;
			defaultConfigurationName = Release;
		};
		67A0323923B491FA00A928E9 /* Build configuration list for PBXNativeTarget "Find-Cafe" */ = {
			isa = XCConfigurationList;
			buildConfigurations = (
				67A0323A23B491FA00A928E9 /* Debug */,
				67A0323B23B491FA00A928E9 /* Release */,
			);
			defaultConfigurationIsVisible = 0;
			defaultConfigurationName = Release;
		};
/* End XCConfigurationList section */

/* Begin XCVersionGroup section */
		67A0322E23B491F800A928E9 /* Find_Cafe.xcdatamodeld */ = {
			isa = XCVersionGroup;
			children = (
				67A0322F23B491F800A928E9 /* Find_Cafe.xcdatamodel */,
			);
			currentVersion = 67A0322F23B491F800A928E9 /* Find_Cafe.xcdatamodel */;
			path = Find_Cafe.xcdatamodeld;
			sourceTree = "<group>";
			versionGroupType = wrapper.xcdatamodel;
		};
/* End XCVersionGroup section */
	};
	rootObject = 67A0321A23B491F800A928E9 /* Project object */;
}
